
Microsoft Visual Studio Solution File, Format Version 12.00
# Visual Studio 2015
Project("{FAE04EC0-301F-11D3-BF4B-00C04F79EFBC}") = "IAMHALO.CSharp.Plugins", "IAMHALO.CSharp.Plugins.csproj", "{C6653A31-9DEE-27BA-0E9E-AB7A7D54EE17}"
EndProject
Project("{FAE04EC0-301F-11D3-BF4B-00C04F79EFBC}") = "IAMHALO.CSharp.Editor.Plugins", "IAMHALO.CSharp.Editor.Plugins.csproj", "{505AACA1-CDFE-16B3-586F-B1FE5CBB79F2}"
EndProject
Global
	GlobalSection(SolutionConfigurationPlatforms) = preSolution
		Debug|Any CPU = Debug|Any CPU
		Release|Any CPU = Release|Any CPU
	EndGlobalSection
	GlobalSection(ProjectConfigurationPlatforms) = postSolution
		{C6653A31-9DEE-27BA-0E9E-AB7A7D54EE17}.Debug|Any CPU.ActiveCfg = Debug|Any CPU
		{C6653A31-9DEE-27BA-0E9E-AB7A7D54EE17}.Debug|Any CPU.Build.0 = Debug|Any CPU
		{C6653A31-9DEE-27BA-0E9E-AB7A7D54EE17}.Release|Any CPU.ActiveCfg = Release|Any CPU
		{C6653A31-9DEE-27BA-0E9E-AB7A7D54EE17}.Release|Any CPU.Build.0 = Release|Any CPU
		{505AACA1-CDFE-16B3-586F-B1FE5CBB79F2}.Debug|Any CPU.ActiveCfg = Debug|Any CPU
		{505AACA1-CDFE-16B3-586F-B1FE5CBB79F2}.Debug|Any CPU.Build.0 = Debug|Any CPU
		{505AACA1-CDFE-16B3-586F-B1FE5CBB79F2}.Release|Any CPU.ActiveCfg = Release|Any CPU
		{505AACA1-CDFE-16B3-586F-B1FE5CBB79F2}.Release|Any CPU.Build.0 = Release|Any CPU
	EndGlobalSection
	GlobalSection(SolutionProperties) = preSolution
		HideSolutionNode = FALSE
	EndGlobalSection
EndGlobal
